
Microsoft Visual Studio Solution File, Format Version 12.00
# Visual Studio 15
VisualStudioVersion = 15.0.28010.2046
MinimumVisualStudioVersion = 10.0.40219.1
Project("{FAE04EC0-301F-11D3-BF4B-00C04F79EFBC}") = "RM", "RM\RM.csproj", "{83F3441A-0BC8-45B1-9881-577BC275A54A}"
EndProject
Project("{FAE04EC0-301F-11D3-BF4B-00C04F79EFBC}") = "BLL", "BLL\BLL.csproj", "{84F412B6-16E3-4E73-999D-EF2898983792}"
EndProject
Project("{FAE04EC0-301F-11D3-BF4B-00C04F79EFBC}") = "COMMON", "COMMON\COMMON.csproj", "{8B4B3E29-7383-464F-BCCE-1908074F5F0D}"
EndProject
Project("{FAE04EC0-301F-11D3-BF4B-00C04F79EFBC}") = "DAL", "DAL\DAL.csproj", "{B6BAB200-EE4E-4B7D-97FC-8E069EA08595}"
EndProject
Project("{FAE04EC0-301F-11D3-BF4B-00C04F79EFBC}") = "TaskManager", "TaskManager\TaskManager.csproj", "{284CF63F-A5D6-49CC-87AF-8903E54932EF}"
EndProject
Project("{FAE04EC0-301F-11D3-BF4B-00C04F79EFBC}") = "AttendenceAPI", "AttendenceAPI\AttendenceAPI.csproj", "{36E3D332-5227-4BB3-B50C-D4DF780CB347}"
EndProject
Global
	GlobalSection(SolutionConfigurationPlatforms) = preSolution
		Debug|Any CPU = Debug|Any CPU
		Release|Any CPU = Release|Any CPU
	EndGlobalSection
	GlobalSection(ProjectConfigurationPlatforms) = postSolution
		{83F3441A-0BC8-45B1-9881-577BC275A54A}.Debug|Any CPU.ActiveCfg = Debug|Any CPU
		{83F3441A-0BC8-45B1-9881-577BC275A54A}.Debug|Any CPU.Build.0 = Debug|Any CPU
		{83F3441A-0BC8-45B1-9881-577BC275A54A}.Release|Any CPU.ActiveCfg = Release|Any CPU
		{83F3441A-0BC8-45B1-9881-577BC275A54A}.Release|Any CPU.Build.0 = Release|Any CPU
		{84F412B6-16E3-4E73-999D-EF2898983792}.Debug|Any CPU.ActiveCfg = Debug|Any CPU
		{84F412B6-16E3-4E73-999D-EF2898983792}.Debug|Any CPU.Build.0 = Debug|Any CPU
		{84F412B6-16E3-4E73-999D-EF2898983792}.Release|Any CPU.ActiveCfg = Release|Any CPU
		{84F412B6-16E3-4E73-999D-EF2898983792}.Release|Any CPU.Build.0 = Release|Any CPU
		{8B4B3E29-7383-464F-BCCE-1908074F5F0D}.Debug|Any CPU.ActiveCfg = Debug|Any CPU
		{8B4B3E29-7383-464F-BCCE-1908074F5F0D}.Debug|Any CPU.Build.0 = Debug|Any CPU
		{8B4B3E29-7383-464F-BCCE-1908074F5F0D}.Release|Any CPU.ActiveCfg = Release|Any CPU
		{8B4B3E29-7383-464F-BCCE-1908074F5F0D}.Release|Any CPU.Build.0 = Release|Any CPU
		{B6BAB200-EE4E-4B7D-97FC-8E069EA08595}.Debug|Any CPU.ActiveCfg = Debug|Any CPU
		{B6BAB200-EE4E-4B7D-97FC-8E069EA08595}.Debug|Any CPU.Build.0 = Debug|Any CPU
		{B6BAB200-EE4E-4B7D-97FC-8E069EA08595}.Release|Any CPU.ActiveCfg = Release|Any CPU
		{B6BAB200-EE4E-4B7D-97FC-8E069EA08595}.Release|Any CPU.Build.0 = Release|Any CPU
		{284CF63F-A5D6-49CC-87AF-8903E54932EF}.Debug|Any CPU.ActiveCfg = Debug|Any CPU
		{284CF63F-A5D6-49CC-87AF-8903E54932EF}.Debug|Any CPU.Build.0 = Debug|Any CPU
		{284CF63F-A5D6-49CC-87AF-8903E54932EF}.Release|Any CPU.ActiveCfg = Release|Any CPU
		{284CF63F-A5D6-49CC-87AF-8903E54932EF}.Release|Any CPU.Build.0 = Release|Any CPU
		{36E3D332-5227-4BB3-B50C-D4DF780CB347}.Debug|Any CPU.ActiveCfg = Debug|Any CPU
		{36E3D332-5227-4BB3-B50C-D4DF780CB347}.Debug|Any CPU.Build.0 = Debug|Any CPU
		{36E3D332-5227-4BB3-B50C-D4DF780CB347}.Release|Any CPU.ActiveCfg = Release|Any CPU
		{36E3D332-5227-4BB3-B50C-D4DF780CB347}.Release|Any CPU.Build.0 = Release|Any CPU
	EndGlobalSection
	GlobalSection(SolutionProperties) = preSolution
		HideSolutionNode = FALSE
	EndGlobalSection
	GlobalSection(ExtensibilityGlobals) = postSolution
		SolutionGuid = {625B56B2-AC3A-4E87-9EB9-DB9225900099}
	EndGlobalSection
EndGlobal
